
Microsoft Visual Studio Solution File, Format Version 12.00
# Visual Studio Version 17
VisualStudioVersion = 17.1.32328.378
MinimumVisualStudioVersion = 10.0.40219.1
Project("{FAE04EC0-301F-11D3-BF4B-00C04F79EFBC}") = "Rehber", "Rehber\Rehber.csproj", "{B389C77A-B1CE-468C-BE94-B92FC0687401}"
EndProject
Global
	GlobalSection(SolutionConfigurationPlatforms) = preSolution
		Debug|Any CPU = Debug|Any CPU
		Release|Any CPU = Release|Any CPU
	EndGlobalSection
	GlobalSection(ProjectConfigurationPlatforms) = postSolution
		{B389C77A-B1CE-468C-BE94-B92FC0687401}.Debug|Any CPU.ActiveCfg = Debug|Any CPU
		{B389C77A-B1CE-468C-BE94-B92FC0687401}.Debug|Any CPU.Build.0 = Debug|Any CPU
		{B389C77A-B1CE-468C-BE94-B92FC0687401}.Release|Any CPU.ActiveCfg = Release|Any CPU
		{B389C77A-B1CE-468C-BE94-B92FC0687401}.Release|Any CPU.Build.0 = Release|Any CPU
	EndGlobalSection
	GlobalSection(SolutionProperties) = preSolution
		HideSolutionNode = FALSE
	EndGlobalSection
	GlobalSection(ExtensibilityGlobals) = postSolution
		SolutionGuid = {BC69548D-D96D-4F9C-8C6A-97A5BC990768}
	EndGlobalSection
EndGlobal
